
Microsoft Visual Studio Solution File, Format Version 12.00
# Visual Studio 15
Project("{FAE04EC0-301F-11D3-BF4B-00C04F79EFBC}") = "Assembly-CSharp", "Assembly-CSharp.csproj", "{02356D5F-A25C-034C-88B1-5A8B0EADD88F}"
EndProject
Project("{FAE04EC0-301F-11D3-BF4B-00C04F79EFBC}") = "Assembly-CSharp-Editor", "Assembly-CSharp-Editor.csproj", "{A0352598-FA28-74E0-AACB-0AE1D73E8D24}"
EndProject
Global
	GlobalSection(SolutionConfigurationPlatforms) = preSolution
		Debug|Any CPU = Debug|Any CPU
		Release|Any CPU = Release|Any CPU
	EndGlobalSection
	GlobalSection(ProjectConfigurationPlatforms) = postSolution
		{02356D5F-A25C-034C-88B1-5A8B0EADD88F}.Debug|Any CPU.ActiveCfg = Debug|Any CPU
		{02356D5F-A25C-034C-88B1-5A8B0EADD88F}.Debug|Any CPU.Build.0 = Debug|Any CPU
		{02356D5F-A25C-034C-88B1-5A8B0EADD88F}.Release|Any CPU.ActiveCfg = Release|Any CPU
		{02356D5F-A25C-034C-88B1-5A8B0EADD88F}.Release|Any CPU.Build.0 = Release|Any CPU
		{A0352598-FA28-74E0-AACB-0AE1D73E8D24}.Debug|Any CPU.ActiveCfg = Debug|Any CPU
		{A0352598-FA28-74E0-AACB-0AE1D73E8D24}.Debug|Any CPU.Build.0 = Debug|Any CPU
		{A0352598-FA28-74E0-AACB-0AE1D73E8D24}.Release|Any CPU.ActiveCfg = Release|Any CPU
		{A0352598-FA28-74E0-AACB-0AE1D73E8D24}.Release|Any CPU.Build.0 = Release|Any CPU
	EndGlobalSection
	GlobalSection(SolutionProperties) = preSolution
		HideSolutionNode = FALSE
	EndGlobalSection
EndGlobal
